// !$*UTF8*$!
{
	archiveVersion = 1;
	classes = {
	};
	objectVersion = 56;
	objects = {

/* Begin PBXBuildFile section */
		278B6B732F6AA0CF00ACA438 /* roachType1_raw.usdz in Resources */ = {isa = PBXBuildFile; fileRef = 278B6B702F6AA0CF00ACA438 /* roachType1_raw.usdz */; };
		278B6B742F6AA0CF00ACA438 /* roachType2_raw.usdz in Resources */ = {isa = PBXBuildFile; fileRef = 278B6B712F6AA0CF00ACA438 /* roachType2_raw.usdz */; };
		278B6B752F6AA0CF00ACA438 /* roachType3_raw.usdz in Resources */ = {isa = PBXBuildFile; fileRef = 278B6B722F6AA0CF00ACA438 /* roachType3_raw.usdz */; };
		AA000001 /* SkitterApp.swift in Sources */ = {isa = PBXBuildFile; fileRef = AB000001 /* SkitterApp.swift */; };
		AA000002 /* AppState.swift in Sources */ = {isa = PBXBuildFile; fileRef = AB000002 /* AppState.swift */; };
		AA000003 /* GameState.swift in Sources */ = {isa = PBXBuildFile; fileRef = AB000003 /* GameState.swift */; };
		AA000004 /* GameView.swift in Sources */ = {isa = PBXBuildFile; fileRef = AB000004 /* GameView.swift */; };
		AA000005 /* ArenaBuilder.swift in Sources */ = {isa = PBXBuildFile; fileRef = AB000005 /* ArenaBuilder.swift */; };
		AA000006 /* BallEntity.swift in Sources */ = {isa = PBXBuildFile; fileRef = AB000006 /* BallEntity.swift */; };
		AA000007 /* RoachComponent.swift in Sources */ = {isa = PBXBuildFile; fileRef = AB000007 /* RoachComponent.swift */; };
		AA000008 /* RoachEntity.swift in Sources */ = {isa = PBXBuildFile; fileRef = AB000008 /* RoachEntity.swift */; };
		AA000009 /* RoachAISystem.swift in Sources */ = {isa = PBXBuildFile; fileRef = AB000009 /* RoachAISystem.swift */; };
		AA000010 /* CrushSystem.swift in Sources */ = {isa = PBXBuildFile; fileRef = AB000010 /* CrushSystem.swift */; };
		AA000011 /* MotionController.swift in Sources */ = {isa = PBXBuildFile; fileRef = AB000011 /* MotionController.swift */; };
		AA000012 /* HapticManager.swift in Sources */ = {isa = PBXBuildFile; fileRef = AB000012 /* HapticManager.swift */; };
		AA000013 /* HUDView.swift in Sources */ = {isa = PBXBuildFile; fileRef = AB000013 /* HUDView.swift */; };
		AA000014 /* MainMenuView.swift in Sources */ = {isa = PBXBuildFile; fileRef = AB000014 /* MainMenuView.swift */; };
		AA000015 /* GameOverView.swift in Sources */ = {isa = PBXBuildFile; fileRef = AB000015 /* GameOverView.swift */; };
/* End PBXBuildFile section */

/* Begin PBXFileReference section */
		278B6B702F6AA0CF00ACA438 /* roachType1_raw.usdz */ = {isa = PBXFileReference; lastKnownFileType = file; path = roachType1_raw.usdz; sourceTree = "<group>"; };
		278B6B712F6AA0CF00ACA438 /* roachType2_raw.usdz */ = {isa = PBXFileReference; lastKnownFileType = file; path = roachType2_raw.usdz; sourceTree = "<group>"; };
		278B6B722F6AA0CF00ACA438 /* roachType3_raw.usdz */ = {isa = PBXFileReference; lastKnownFileType = file; path = roachType3_raw.usdz; sourceTree = "<group>"; };
		AB000001 /* SkitterApp.swift */ = {isa = PBXFileReference; lastKnownFileType = sourcecode.swift; path = SkitterApp.swift; sourceTree = "<group>"; };
		AB000002 /* AppState.swift */ = {isa = PBXFileReference; lastKnownFileType = sourcecode.swift; path = AppState.swift; sourceTree = "<group>"; };
		AB000003 /* GameState.swift */ = {isa = PBXFileReference; lastKnownFileType = sourcecode.swift; path = GameState.swift; sourceTree = "<group>"; };
		AB000004 /* GameView.swift */ = {isa = PBXFileReference; lastKnownFileType = sourcecode.swift; path = GameView.swift; sourceTree = "<group>"; };
		AB000005 /* ArenaBuilder.swift */ = {isa = PBXFileReference; lastKnownFileType = sourcecode.swift; path = ArenaBuilder.swift; sourceTree = "<group>"; };
		AB000006 /* BallEntity.swift */ = {isa = PBXFileReference; lastKnownFileType = sourcecode.swift; path = BallEntity.swift; sourceTree = "<group>"; };
		AB000007 /* RoachComponent.swift */ = {isa = PBXFileReference; lastKnownFileType = sourcecode.swift; path = RoachComponent.swift; sourceTree = "<group>"; };
		AB000008 /* RoachEntity.swift */ = {isa = PBXFileReference; lastKnownFileType = sourcecode.swift; path = RoachEntity.swift; sourceTree = "<group>"; };
		AB000009 /* RoachAISystem.swift */ = {isa = PBXFileReference; lastKnownFileType = sourcecode.swift; path = RoachAISystem.swift; sourceTree = "<group>"; };
		AB000010 /* CrushSystem.swift */ = {isa = PBXFileReference; lastKnownFileType = sourcecode.swift; path = CrushSystem.swift; sourceTree = "<group>"; };
		AB000011 /* MotionController.swift */ = {isa = PBXFileReference; lastKnownFileType = sourcecode.swift; path = MotionController.swift; sourceTree = "<group>"; };
		AB000012 /* HapticManager.swift */ = {isa = PBXFileReference; lastKnownFileType = sourcecode.swift; path = HapticManager.swift; sourceTree = "<group>"; };
		AB000013 /* HUDView.swift */ = {isa = PBXFileReference; lastKnownFileType = sourcecode.swift; path = HUDView.swift; sourceTree = "<group>"; };
		AB000014 /* MainMenuView.swift */ = {isa = PBXFileReference; lastKnownFileType = sourcecode.swift; path = MainMenuView.swift; sourceTree = "<group>"; };
		AB000015 /* GameOverView.swift */ = {isa = PBXFileReference; lastKnownFileType = sourcecode.swift; path = GameOverView.swift; sourceTree = "<group>"; };
		AB000016 /* Info.plist */ = {isa = PBXFileReference; lastKnownFileType = text.plist.xml; path = Info.plist; sourceTree = "<group>"; };
		AC000001 /* Skitter.app */ = {isa = PBXFileReference; explicitFileType = wrapper.application; includeInIndex = 0; path = Skitter.app; sourceTree = BUILT_PRODUCTS_DIR; };
/* End PBXFileReference section */

/* Begin PBXFrameworksBuildPhase section */
		AD000001 /* Frameworks */ = {
			isa = PBXFrameworksBuildPhase;
			buildActionMask = 2147483647;
			files = (
			);
			runOnlyForDeploymentPostprocessing = 0;
		};
/* End PBXFrameworksBuildPhase section */

/* Begin PBXGroup section */
		27F7FE7A2F6A90460025771D /* Assets */ = {
			isa = PBXGroup;
			children = (
				278B6B702F6AA0CF00ACA438 /* roachType1_raw.usdz */,
				278B6B712F6AA0CF00ACA438 /* roachType2_raw.usdz */,
				278B6B722F6AA0CF00ACA438 /* roachType3_raw.usdz */,
			);
			path = Assets;
			sourceTree = "<group>";
		};
		AE000001 = {
			isa = PBXGroup;
			children = (
				AE000002 /* Skitter */,
				AE000008 /* Products */,
			);
			sourceTree = "<group>";
		};
		AE000002 /* Skitter */ = {
			isa = PBXGroup;
			children = (
				27F7FE7A2F6A90460025771D /* Assets */,
				AE000003 /* App */,
				AE000004 /* Game */,
				AE000005 /* Systems */,
				AE000006 /* Controllers */,
				AE000007 /* HUD */,
				AE000009 /* UI */,
				AB000016 /* Info.plist */,
			);
			path = Skitter;
			sourceTree = "<group>";
		};
		AE000003 /* App */ = {
			isa = PBXGroup;
			children = (
				AB000001 /* SkitterApp.swift */,
				AB000002 /* AppState.swift */,
			);
			path = App;
			sourceTree = "<group>";
		};
		AE000004 /* Game */ = {
			isa = PBXGroup;
			children = (
				AB000003 /* GameState.swift */,
				AB000004 /* GameView.swift */,
				AB000005 /* ArenaBuilder.swift */,
				AB000006 /* BallEntity.swift */,
				AB000007 /* RoachComponent.swift */,
				AB000008 /* RoachEntity.swift */,
			);
			path = Game;
			sourceTree = "<group>";
		};
		AE000005 /* Systems */ = {
			isa = PBXGroup;
			children = (
				AB000009 /* RoachAISystem.swift */,
				AB000010 /* CrushSystem.swift */,
			);
			path = Systems;
			sourceTree = "<group>";
		};
		AE000006 /* Controllers */ = {
			isa = PBXGroup;
			children = (
				AB000011 /* MotionController.swift */,
				AB000012 /* HapticManager.swift */,
			);
			path = Controllers;
			sourceTree = "<group>";
		};
		AE000007 /* HUD */ = {
			isa = PBXGroup;
			children = (
				AB000013 /* HUDView.swift */,
			);
			path = HUD;
			sourceTree = "<group>";
		};
		AE000008 /* Products */ = {
			isa = PBXGroup;
			children = (
				AC000001 /* Skitter.app */,
			);
			name = Products;
			sourceTree = "<group>";
		};
		AE000009 /* UI */ = {
			isa = PBXGroup;
			children = (
				AB000014 /* MainMenuView.swift */,
				AB000015 /* GameOverView.swift */,
			);
			path = UI;
			sourceTree = "<group>";
		};
/* End PBXGroup section */

/* Begin PBXNativeTarget section */
		AF000001 /* Skitter */ = {
			isa = PBXNativeTarget;
			buildConfigurationList = B1000001 /* Build configuration list for PBXNativeTarget "Skitter" */;
			buildPhases = (
				AF000002 /* Sources */,
				AD000001 /* Frameworks */,
				AF000003 /* Resources */,
			);
			buildRules = (
			);
			dependencies = (
			);
			name = Skitter;
			productName = Skitter;
			productReference = AC000001 /* Skitter.app */;
			productType = "com.apple.product-type.application";
		};
/* End PBXNativeTarget section */

/* Begin PBXProject section */
		B0000001 /* Project object */ = {
			isa = PBXProject;
			attributes = {
				BuildIndependentTargetsInParallel = 1;
				LastSwiftUpdateCheck = 1600;
				LastUpgradeCheck = 1600;
				TargetAttributes = {
					AF000001 = {
						CreatedOnToolsVersion = 16.0;
					};
				};
			};
			buildConfigurationList = B1000002 /* Build configuration list for PBXProject "Skitter" */;
			compatibilityVersion = "Xcode 14.0";
			developmentRegion = en;
			hasScannedForEncodings = 0;
			knownRegions = (
				en,
				Base,
			);
			mainGroup = AE000001;
			productRefGroup = AE000008 /* Products */;
			projectDirPath = "";
			projectRoot = "";
			targets = (
				AF000001 /* Skitter */,
			);
		};
/* End PBXProject section */

/* Begin PBXResourcesBuildPhase section */
		AF000003 /* Resources */ = {
			isa = PBXResourcesBuildPhase;
			buildActionMask = 2147483647;
			files = (
				278B6B732F6AA0CF00ACA438 /* roachType1_raw.usdz in Resources */,
				278B6B742F6AA0CF00ACA438 /* roachType2_raw.usdz in Resources */,
				278B6B752F6AA0CF00ACA438 /* roachType3_raw.usdz in Resources */,
			);
			runOnlyForDeploymentPostprocessing = 0;
		};
/* End PBXResourcesBuildPhase section */

/* Begin PBXSourcesBuildPhase section */
		AF000002 /* Sources */ = {
			isa = PBXSourcesBuildPhase;
			buildActionMask = 2147483647;
			files = (
				AA000001 /* SkitterApp.swift in Sources */,
				AA000002 /* AppState.swift in Sources */,
				AA000003 /* GameState.swift in Sources */,
				AA000004 /* GameView.swift in Sources */,
				AA000005 /* ArenaBuilder.swift in Sources */,
				AA000006 /* BallEntity.swift in Sources */,
				AA000007 /* RoachComponent.swift in Sources */,
				AA000008 /* RoachEntity.swift in Sources */,
				AA000009 /* RoachAISystem.swift in Sources */,
				AA000010 /* CrushSystem.swift in Sources */,
				AA000011 /* MotionController.swift in Sources */,
				AA000012 /* HapticManager.swift in Sources */,
				AA000013 /* HUDView.swift in Sources */,
				AA000014 /* MainMenuView.swift in Sources */,
				AA000015 /* GameOverView.swift in Sources */,
			);
			runOnlyForDeploymentPostprocessing = 0;
		};
/* End PBXSourcesBuildPhase section */

/* Begin XCBuildConfiguration section */
		B2000001 /* Debug */ = {
			isa = XCBuildConfiguration;
			buildSettings = {
				ALWAYS_SEARCH_USER_PATHS = NO;
				ASSETCATALOG_COMPILER_GENERATE_SWIFT_ASSET_SYMBOL_EXTENSIONS = YES;
				CLANG_ANALYZER_NONNULL = YES;
				CLANG_ANALYZER_NUMBER_OBJECT_CONVERSION = YES_AGGRESSIVE;
				CLANG_CXX_LANGUAGE_STANDARD = "gnu++20";
				CLANG_ENABLE_MODULES = YES;
				CLANG_ENABLE_OBJC_ARC = YES;
				CLANG_ENABLE_OBJC_WEAK = YES;
				CLANG_WARN_BLOCK_CAPTURE_AUTORELEASING = YES;
				CLANG_WARN_BOOL_CONVERSION = YES;
				CLANG_WARN_COMMA = YES;
				CLANG_WARN_CONSTANT_CONVERSION = YES;
				CLANG_WARN_DEPRECATED_OBJC_IMPLEMENTATIONS = YES;
				CLANG_WARN_DIRECT_OBJC_ISA_USAGE = YES_ERROR;
				CLANG_WARN_DOCUMENTATION_COMMENTS = YES;
				CLANG_WARN_EMPTY_BODY = YES;
				CLANG_WARN_ENUM_CONVERSION = YES;
				CLANG_WARN_INFINITE_RECURSION = YES;
				CLANG_WARN_INT_CONVERSION = YES;
				CLANG_WARN_NON_LITERAL_NULL_CONVERSION = YES;
				CLANG_WARN_OBJC_IMPLICIT_RETAIN_SELF = YES;
				CLANG_WARN_OBJC_LITERAL_CONVERSION = YES;
				CLANG_WARN_OBJC_ROOT_CLASS = YES_ERROR;
				CLANG_WARN_QUOTED_INCLUDE_IN_FRAMEWORK_HEADER = YES;
				CLANG_WARN_RANGE_LOOP_ANALYSIS = YES;
				CLANG_WARN_STRICT_PROTOTYPES = YES;
				CLANG_WARN_SUSPICIOUS_MOVE = YES;
				CLANG_WARN_UNGUARDED_AVAILABILITY = YES_AGGRESSIVE;
				CLANG_WARN_UNREACHABLE_CODE = YES;
				CLANG_WARN__DUPLICATE_METHOD_MATCH = YES;
				COPY_PHASE_STRIP = NO;
				DEBUG_INFORMATION_FORMAT = dwarf;
				ENABLE_STRICT_OBJC_MSGSEND = YES;
				ENABLE_TESTABILITY = YES;
				ENABLE_USER_SCRIPT_SANDBOXING = YES;
				GCC_C_LANGUAGE_STANDARD = gnu17;
				GCC_DYNAMIC_NO_PIC = NO;
				GCC_NO_COMMON_BLOCKS = YES;
				GCC_OPTIMIZATION_LEVEL = 0;
				GCC_PREPROCESSOR_DEFINITIONS = (
					"DEBUG=1",
					"$(inherited)",
				);
				GCC_WARN_64_TO_32_BIT_CONVERSION = YES;
				GCC_WARN_ABOUT_RETURN_TYPE = YES_ERROR;
				GCC_WARN_UNDECLARED_SELECTOR = YES;
				GCC_WARN_UNINITIALIZED_AUTOS = YES_AGGRESSIVE;
				GCC_WARN_UNUSED_FUNCTION = YES;
				GCC_WARN_UNUSED_VARIABLE = YES;
				IPHONEOS_DEPLOYMENT_TARGET = 18.0;
				MTL_ENABLE_DEBUG_INFO = INCLUDE_SOURCE;
				MTL_FAST_MATH = YES;
				ONLY_ACTIVE_ARCH = YES;
				SDKROOT = iphoneos;
				SWIFT_ACTIVE_COMPILATION_CONDITIONS = "DEBUG $(inherited)";
				SWIFT_OPTIMIZATION_LEVEL = "-Onone";
			};
			name = Debug;
		};
		B2000002 /* Release */ = {
			isa = XCBuildConfiguration;
			buildSettings = {
				ALWAYS_SEARCH_USER_PATHS = NO;
				ASSETCATALOG_COMPILER_GENERATE_SWIFT_ASSET_SYMBOL_EXTENSIONS = YES;
				CLANG_ANALYZER_NONNULL = YES;
				CLANG_ANALYZER_NUMBER_OBJECT_CONVERSION = YES_AGGRESSIVE;
				CLANG_CXX_LANGUAGE_STANDARD = "gnu++20";
				CLANG_ENABLE_MODULES = YES;
				CLANG_ENABLE_OBJC_ARC = YES;
				CLANG_ENABLE_OBJC_WEAK = YES;
				CLANG_WARN_BLOCK_CAPTURE_AUTORELEASING = YES;
				CLANG_WARN_BOOL_CONVERSION = YES;
				CLANG_WARN_COMMA = YES;
				CLANG_WARN_CONSTANT_CONVERSION = YES;
				CLANG_WARN_DEPRECATED_OBJC_IMPLEMENTATIONS = YES;
				CLANG_WARN_DIRECT_OBJC_ISA_USAGE = YES_ERROR;
				CLANG_WARN_DOCUMENTATION_COMMENTS = YES;
				CLANG_WARN_EMPTY_BODY = YES;
				CLANG_WARN_ENUM_CONVERSION = YES;
				CLANG_WARN_INFINITE_RECURSION = YES;
				CLANG_WARN_INT_CONVERSION = YES;
				CLANG_WARN_NON_LITERAL_NULL_CONVERSION = YES;
				CLANG_WARN_OBJC_IMPLICIT_RETAIN_SELF = YES;
				CLANG_WARN_OBJC_LITERAL_CONVERSION = YES;
				CLANG_WARN_OBJC_ROOT_CLASS = YES_ERROR;
				CLANG_WARN_QUOTED_INCLUDE_IN_FRAMEWORK_HEADER = YES;
				CLANG_WARN_RANGE_LOOP_ANALYSIS = YES;
				CLANG_WARN_STRICT_PROTOTYPES = YES;
				CLANG_WARN_SUSPICIOUS_MOVE = YES;
				CLANG_WARN_UNGUARDED_AVAILABILITY = YES_AGGRESSIVE;
				CLANG_WARN_UNREACHABLE_CODE = YES;
				CLANG_WARN__DUPLICATE_METHOD_MATCH = YES;
				COPY_PHASE_STRIP = NO;
				DEBUG_INFORMATION_FORMAT = "dwarf-with-dsym";
				ENABLE_NS_ASSERTIONS = NO;
				ENABLE_STRICT_OBJC_MSGSEND = YES;
				ENABLE_USER_SCRIPT_SANDBOXING = YES;
				GCC_C_LANGUAGE_STANDARD = gnu17;
				GCC_NO_COMMON_BLOCKS = YES;
				GCC_WARN_64_TO_32_BIT_CONVERSION = YES;
				GCC_WARN_ABOUT_RETURN_TYPE = YES_ERROR;
				GCC_WARN_UNDECLARED_SELECTOR = YES;
				GCC_WARN_UNINITIALIZED_AUTOS = YES_AGGRESSIVE;
				GCC_WARN_UNUSED_FUNCTION = YES;
				GCC_WARN_UNUSED_VARIABLE = YES;
				IPHONEOS_DEPLOYMENT_TARGET = 18.0;
				MTL_ENABLE_DEBUG_INFO = NO;
				MTL_FAST_MATH = YES;
				SDKROOT = iphoneos;
				SWIFT_COMPILATION_MODE = wholemodule;
				VALIDATE_PRODUCT = YES;
			};
			name = Release;
		};
		B2000003 /* Debug */ = {
			isa = XCBuildConfiguration;
			buildSettings = {
				ASSETCATALOG_COMPILER_APPICON_NAME = AppIcon;
				ASSETCATALOG_COMPILER_GLOBAL_ACCENT_COLOR_NAME = AccentColor;
				CODE_SIGN_STYLE = Automatic;
				CURRENT_PROJECT_VERSION = 1;
				DEVELOPMENT_TEAM = ZU2326AL7G;
				GENERATE_INFOPLIST_FILE = YES;
				INFOPLIST_FILE = Skitter/Info.plist;
				INFOPLIST_KEY_CFBundleDisplayName = Skitter;
				INFOPLIST_KEY_UIApplicationSceneManifest_Generation = YES;
				INFOPLIST_KEY_UIApplicationSupportsIndirectInputEvents = YES;
				INFOPLIST_KEY_UILaunchScreen_Generation = YES;
				INFOPLIST_KEY_UIRequiresFullScreen = YES;
				INFOPLIST_KEY_UIStatusBarHidden = YES;
				INFOPLIST_KEY_UISupportedInterfaceOrientations = "UIInterfaceOrientationLandscapeLeft UIInterfaceOrientationLandscapeRight";
				LD_RUNPATH_SEARCH_PATHS = (
					"$(inherited)",
					"@executable_path/Frameworks",
				);
				MARKETING_VERSION = 1.0;
				PRODUCT_BUNDLE_IDENTIFIER = com.skitter.game;
				PRODUCT_NAME = "$(TARGET_NAME)";
				SUPPORTED_PLATFORMS = "iphoneos iphonesimulator";
				SUPPORTS_MACCATALYST = NO;
				SWIFT_EMIT_LOC_STRINGS = YES;
				SWIFT_VERSION = 5.0;
				TARGETED_DEVICE_FAMILY = 1;
			};
			name = Debug;
		};
		B2000004 /* Release */ = {
			isa = XCBuildConfiguration;
			buildSettings = {
				ASSETCATALOG_COMPILER_APPICON_NAME = AppIcon;
				ASSETCATALOG_COMPILER_GLOBAL_ACCENT_COLOR_NAME = AccentColor;
				CODE_SIGN_STYLE = Automatic;
				CURRENT_PROJECT_VERSION = 1;
				DEVELOPMENT_TEAM = ZU2326AL7G;
				GENERATE_INFOPLIST_FILE = YES;
				INFOPLIST_FILE = Skitter/Info.plist;
				INFOPLIST_KEY_CFBundleDisplayName = Skitter;
				INFOPLIST_KEY_UIApplicationSceneManifest_Generation = YES;
				INFOPLIST_KEY_UIApplicationSupportsIndirectInputEvents = YES;
				INFOPLIST_KEY_UILaunchScreen_Generation = YES;
				INFOPLIST_KEY_UIRequiresFullScreen = YES;
				INFOPLIST_KEY_UIStatusBarHidden = YES;
				INFOPLIST_KEY_UISupportedInterfaceOrientations = "UIInterfaceOrientationLandscapeLeft UIInterfaceOrientationLandscapeRight";
				LD_RUNPATH_SEARCH_PATHS = (
					"$(inherited)",
					"@executable_path/Frameworks",
				);
				MARKETING_VERSION = 1.0;
				PRODUCT_BUNDLE_IDENTIFIER = com.skitter.game;
				PRODUCT_NAME = "$(TARGET_NAME)";
				SUPPORTED_PLATFORMS = "iphoneos iphonesimulator";
				SUPPORTS_MACCATALYST = NO;
				SWIFT_EMIT_LOC_STRINGS = YES;
				SWIFT_VERSION = 5.0;
				TARGETED_DEVICE_FAMILY = 1;
			};
			name = Release;
		};
/* End XCBuildConfiguration section */

/* Begin XCConfigurationList section */
		B1000001 /* Build configuration list for PBXNativeTarget "Skitter" */ = {
			isa = XCConfigurationList;
			buildConfigurations = (
				B2000003 /* Debug */,
				B2000004 /* Release */,
			);
			defaultConfigurationIsVisible = 0;
			defaultConfigurationName = Release;
		};
		B1000002 /* Build configuration list for PBXProject "Skitter" */ = {
			isa = XCConfigurationList;
			buildConfigurations = (
				B2000001 /* Debug */,
				B2000002 /* Release */,
			);
			defaultConfigurationIsVisible = 0;
			defaultConfigurationName = Release;
		};
/* End XCConfigurationList section */
	};
	rootObject = B0000001 /* Project object */;
}
