// !$*UTF8*$!
{
	archiveVersion = 1;
	classes = {
	};
	objectVersion = 56;
	objects = {

/* Begin PBXBuildFile section */
		273F5D4C2F6CDD8C004F5D81 /* DualThumbControlView.swift in Sources */ = {isa = PBXBuildFile; fileRef = 273F5D4B2F6CDD8B004F5D81 /* DualThumbControlView.swift */; };
		2748FA472F6E36CB002A2B97 /* AudioManager.swift in Sources */ = {isa = PBXBuildFile; fileRef = 2748FA462F6E36C7002A2B97 /* AudioManager.swift */; };
		27A703032F6D57B6002F6B06 /* roach_3.usdz in Resources */ = {isa = PBXBuildFile; fileRef = 27A702F62F6D57B6002F6B06 /* roach_3.usdz */; };
		27A703042F6D57B6002F6B06 /* fence.usdz in Resources */ = {isa = PBXBuildFile; fileRef = 27A702F02F6D57B6002F6B06 /* fence.usdz */; };
		27A703052F6D57B6002F6B06 /* floor.jpg in Resources */ = {isa = PBXBuildFile; fileRef = 27A703012F6D57B6002F6B06 /* floor.jpg */; };
		27A703062F6D57B6002F6B06 /* background_music.wav in Resources */ = {isa = PBXBuildFile; fileRef = 27A702FA2F6D57B6002F6B06 /* background_music.wav */; };
		27A703072F6D57B6002F6B06 /* oil_puddle.usdz in Resources */ = {isa = PBXBuildFile; fileRef = 27A702F32F6D57B6002F6B06 /* oil_puddle.usdz */; };
		27A703082F6D57B6002F6B06 /* oil_drum.usdz in Resources */ = {isa = PBXBuildFile; fileRef = 27A702F22F6D57B6002F6B06 /* oil_drum.usdz */; };
		27A703092F6D57B6002F6B06 /* trash_pile.usdz in Resources */ = {isa = PBXBuildFile; fileRef = 27A702F82F6D57B6002F6B06 /* trash_pile.usdz */; };
		27A7030B2F6D57B6002F6B06 /* correct.wav in Resources */ = {isa = PBXBuildFile; fileRef = 27A702FB2F6D57B6002F6B06 /* correct.wav */; };
		27A7030C2F6D57B6002F6B06 /* gameover_lose.wav in Resources */ = {isa = PBXBuildFile; fileRef = 27A702FC2F6D57B6002F6B06 /* gameover_lose.wav */; };
		27A7030D2F6D57B6002F6B06 /* gameover_win.wav in Resources */ = {isa = PBXBuildFile; fileRef = 27A702FD2F6D57B6002F6B06 /* gameover_win.wav */; };
		27A7030E2F6D57B6002F6B06 /* black_plastic.usdz in Resources */ = {isa = PBXBuildFile; fileRef = 27A702EE2F6D57B6002F6B06 /* black_plastic.usdz */; };
		27A7030F2F6D57B6002F6B06 /* skittering_sound.wav in Resources */ = {isa = PBXBuildFile; fileRef = 27A702FE2F6D57B6002F6B06 /* skittering_sound.wav */; };
		27A703102F6D57B6002F6B06 /* food_pile.usdz in Resources */ = {isa = PBXBuildFile; fileRef = 27A702F12F6D57B6002F6B06 /* food_pile.usdz */; };
		27A703112F6D57B6002F6B06 /* wrong.wav in Resources */ = {isa = PBXBuildFile; fileRef = 27A702FF2F6D57B6002F6B06 /* wrong.wav */; };
		27A703132F6D57B6002F6B06 /* byegone.usdz in Resources */ = {isa = PBXBuildFile; fileRef = 27A702EF2F6D57B6002F6B06 /* byegone.usdz */; };
		27A703142F6D57B6002F6B06 /* trash_barrel.usdz in Resources */ = {isa = PBXBuildFile; fileRef = 27A702F72F6D57B6002F6B06 /* trash_barrel.usdz */; };
		27A703192F6D60AF002F6B06 /* roach_1_animated.usdz in Resources */ = {isa = PBXBuildFile; fileRef = 27A703162F6D60AF002F6B06 /* roach_1_animated.usdz */; };
		27A7031A2F6D60AF002F6B06 /* roach_2_animated.usdz in Resources */ = {isa = PBXBuildFile; fileRef = 27A703182F6D60AF002F6B06 /* roach_2_animated.usdz */; };
		27A7031B2F6D60AF002F6B06 /* roach_2.usdz in Resources */ = {isa = PBXBuildFile; fileRef = 27A703172F6D60AF002F6B06 /* roach_2.usdz */; };
		27A7031C2F6D60AF002F6B06 /* roach_1.usdz in Resources */ = {isa = PBXBuildFile; fileRef = 27A703152F6D60AF002F6B06 /* roach_1.usdz */; };
		27D269FE2F6BF2F600723120 /* PlayerEntity.swift in Sources */ = {isa = PBXBuildFile; fileRef = 27D269FD2F6BF2F100723120 /* PlayerEntity.swift */; };
		27D26A002F6BF62C00723120 /* ContactSystem.swift in Sources */ = {isa = PBXBuildFile; fileRef = 27D269FF2F6BF62700723120 /* ContactSystem.swift */; };
		27D26A022F6BFA8500723120 /* MysteryBagEntity.swift in Sources */ = {isa = PBXBuildFile; fileRef = 27D26A012F6BFA8000723120 /* MysteryBagEntity.swift */; };
		27D26A042F6BFAD600723120 /* BagTriggerSystem.swift in Sources */ = {isa = PBXBuildFile; fileRef = 27D26A032F6BFAD500723120 /* BagTriggerSystem.swift */; };
		27D26A062F6C027600723120 /* EscalationSystem.swift in Sources */ = {isa = PBXBuildFile; fileRef = 27D26A052F6C027400723120 /* EscalationSystem.swift */; };
		27D26A082F6C05C900723120 /* BagsRemainingView.swift in Sources */ = {isa = PBXBuildFile; fileRef = 27D26A072F6C05C800723120 /* BagsRemainingView.swift */; };
		27D26A0A2F6C05E500723120 /* TriggerLabelView.swift in Sources */ = {isa = PBXBuildFile; fileRef = 27D26A092F6C05DC00723120 /* TriggerLabelView.swift */; };
		27D26A0C2F6C060200723120 /* MiniMapView.swift in Sources */ = {isa = PBXBuildFile; fileRef = 27D26A0B2F6C05F700723120 /* MiniMapView.swift */; };
		AA000001 /* SkitterApp.swift in Sources */ = {isa = PBXBuildFile; fileRef = AB000001 /* SkitterApp.swift */; };
		AA000002 /* AppState.swift in Sources */ = {isa = PBXBuildFile; fileRef = AB000002 /* AppState.swift */; };
		AA000003 /* GameState.swift in Sources */ = {isa = PBXBuildFile; fileRef = AB000003 /* GameState.swift */; };
		AA000004 /* GameView.swift in Sources */ = {isa = PBXBuildFile; fileRef = AB000004 /* GameView.swift */; };
		AA000005 /* ArenaBuilder.swift in Sources */ = {isa = PBXBuildFile; fileRef = AB000005 /* ArenaBuilder.swift */; };
		AA000007 /* RoachComponent.swift in Sources */ = {isa = PBXBuildFile; fileRef = AB000007 /* RoachComponent.swift */; };
		AA000008 /* RoachEntity.swift in Sources */ = {isa = PBXBuildFile; fileRef = AB000008 /* RoachEntity.swift */; };
		AA000009 /* RoachAISystem.swift in Sources */ = {isa = PBXBuildFile; fileRef = AB000009 /* RoachAISystem.swift */; };
		AA000011 /* MotionController.swift in Sources */ = {isa = PBXBuildFile; fileRef = AB000011 /* MotionController.swift */; };
		AA000012 /* HapticManager.swift in Sources */ = {isa = PBXBuildFile; fileRef = AB000012 /* HapticManager.swift */; };
		AA000013 /* HUDView.swift in Sources */ = {isa = PBXBuildFile; fileRef = AB000013 /* HUDView.swift */; };
		AA000014 /* MainMenuView.swift in Sources */ = {isa = PBXBuildFile; fileRef = AB000014 /* MainMenuView.swift */; };
		AA000015 /* GameOverView.swift in Sources */ = {isa = PBXBuildFile; fileRef = AB000015 /* GameOverView.swift */; };
/* End PBXBuildFile section */

/* Begin PBXFileReference section */
		273F5D4B2F6CDD8B004F5D81 /* DualThumbControlView.swift */ = {isa = PBXFileReference; lastKnownFileType = sourcecode.swift; path = DualThumbControlView.swift; sourceTree = "<group>"; };
		2748FA462F6E36C7002A2B97 /* AudioManager.swift */ = {isa = PBXFileReference; lastKnownFileType = sourcecode.swift; path = AudioManager.swift; sourceTree = "<group>"; };
		27A702EE2F6D57B6002F6B06 /* black_plastic.usdz */ = {isa = PBXFileReference; lastKnownFileType = file; path = black_plastic.usdz; sourceTree = "<group>"; };
		27A702EF2F6D57B6002F6B06 /* byegone.usdz */ = {isa = PBXFileReference; lastKnownFileType = file; path = byegone.usdz; sourceTree = "<group>"; };
		27A702F02F6D57B6002F6B06 /* fence.usdz */ = {isa = PBXFileReference; lastKnownFileType = file; path = fence.usdz; sourceTree = "<group>"; };
		27A702F12F6D57B6002F6B06 /* food_pile.usdz */ = {isa = PBXFileReference; lastKnownFileType = file; path = food_pile.usdz; sourceTree = "<group>"; };
		27A702F22F6D57B6002F6B06 /* oil_drum.usdz */ = {isa = PBXFileReference; lastKnownFileType = file; path = oil_drum.usdz; sourceTree = "<group>"; };
		27A702F32F6D57B6002F6B06 /* oil_puddle.usdz */ = {isa = PBXFileReference; lastKnownFileType = file; path = oil_puddle.usdz; sourceTree = "<group>"; };
		27A702F62F6D57B6002F6B06 /* roach_3.usdz */ = {isa = PBXFileReference; lastKnownFileType = file; path = roach_3.usdz; sourceTree = "<group>"; };
		27A702F72F6D57B6002F6B06 /* trash_barrel.usdz */ = {isa = PBXFileReference; lastKnownFileType = file; path = trash_barrel.usdz; sourceTree = "<group>"; };
		27A702F82F6D57B6002F6B06 /* trash_pile.usdz */ = {isa = PBXFileReference; lastKnownFileType = file; path = trash_pile.usdz; sourceTree = "<group>"; };
		27A702FA2F6D57B6002F6B06 /* background_music.wav */ = {isa = PBXFileReference; lastKnownFileType = audio.wav; path = background_music.wav; sourceTree = "<group>"; };
		27A702FB2F6D57B6002F6B06 /* correct.wav */ = {isa = PBXFileReference; lastKnownFileType = audio.wav; path = correct.wav; sourceTree = "<group>"; };
		27A702FC2F6D57B6002F6B06 /* gameover_lose.wav */ = {isa = PBXFileReference; lastKnownFileType = audio.wav; path = gameover_lose.wav; sourceTree = "<group>"; };
		27A702FD2F6D57B6002F6B06 /* gameover_win.wav */ = {isa = PBXFileReference; lastKnownFileType = audio.wav; path = gameover_win.wav; sourceTree = "<group>"; };
		27A702FE2F6D57B6002F6B06 /* skittering_sound.wav */ = {isa = PBXFileReference; lastKnownFileType = audio.wav; path = skittering_sound.wav; sourceTree = "<group>"; };
		27A702FF2F6D57B6002F6B06 /* wrong.wav */ = {isa = PBXFileReference; lastKnownFileType = audio.wav; path = wrong.wav; sourceTree = "<group>"; };
		27A703012F6D57B6002F6B06 /* floor.jpg */ = {isa = PBXFileReference; lastKnownFileType = image.jpeg; path = floor.jpg; sourceTree = "<group>"; };
		27A703152F6D60AF002F6B06 /* roach_1.usdz */ = {isa = PBXFileReference; lastKnownFileType = file; path = roach_1.usdz; sourceTree = "<group>"; };
		27A703162F6D60AF002F6B06 /* roach_1_animated.usdz */ = {isa = PBXFileReference; lastKnownFileType = file; path = roach_1_animated.usdz; sourceTree = "<group>"; };
		27A703172F6D60AF002F6B06 /* roach_2.usdz */ = {isa = PBXFileReference; lastKnownFileType = file; path = roach_2.usdz; sourceTree = "<group>"; };
		27A703182F6D60AF002F6B06 /* roach_2_animated.usdz */ = {isa = PBXFileReference; lastKnownFileType = file; path = roach_2_animated.usdz; sourceTree = "<group>"; };
		27D269FD2F6BF2F100723120 /* PlayerEntity.swift */ = {isa = PBXFileReference; lastKnownFileType = sourcecode.swift; path = PlayerEntity.swift; sourceTree = "<group>"; };
		27D269FF2F6BF62700723120 /* ContactSystem.swift */ = {isa = PBXFileReference; lastKnownFileType = sourcecode.swift; path = ContactSystem.swift; sourceTree = "<group>"; };
		27D26A012F6BFA8000723120 /* MysteryBagEntity.swift */ = {isa = PBXFileReference; lastKnownFileType = sourcecode.swift; path = MysteryBagEntity.swift; sourceTree = "<group>"; };
		27D26A032F6BFAD500723120 /* BagTriggerSystem.swift */ = {isa = PBXFileReference; lastKnownFileType = sourcecode.swift; path = BagTriggerSystem.swift; sourceTree = "<group>"; };
		27D26A052F6C027400723120 /* EscalationSystem.swift */ = {isa = PBXFileReference; lastKnownFileType = sourcecode.swift; path = EscalationSystem.swift; sourceTree = "<group>"; };
		27D26A072F6C05C800723120 /* BagsRemainingView.swift */ = {isa = PBXFileReference; lastKnownFileType = sourcecode.swift; path = BagsRemainingView.swift; sourceTree = "<group>"; };
		27D26A092F6C05DC00723120 /* TriggerLabelView.swift */ = {isa = PBXFileReference; lastKnownFileType = sourcecode.swift; path = TriggerLabelView.swift; sourceTree = "<group>"; };
		27D26A0B2F6C05F700723120 /* MiniMapView.swift */ = {isa = PBXFileReference; lastKnownFileType = sourcecode.swift; path = MiniMapView.swift; sourceTree = "<group>"; };
		AB000001 /* SkitterApp.swift */ = {isa = PBXFileReference; lastKnownFileType = sourcecode.swift; path = SkitterApp.swift; sourceTree = "<group>"; };
		AB000002 /* AppState.swift */ = {isa = PBXFileReference; lastKnownFileType = sourcecode.swift; path = AppState.swift; sourceTree = "<group>"; };
		AB000003 /* GameState.swift */ = {isa = PBXFileReference; lastKnownFileType = sourcecode.swift; path = GameState.swift; sourceTree = "<group>"; };
		AB000004 /* GameView.swift */ = {isa = PBXFileReference; lastKnownFileType = sourcecode.swift; path = GameView.swift; sourceTree = "<group>"; };
		AB000005 /* ArenaBuilder.swift */ = {isa = PBXFileReference; lastKnownFileType = sourcecode.swift; path = ArenaBuilder.swift; sourceTree = "<group>"; };
		AB000007 /* RoachComponent.swift */ = {isa = PBXFileReference; lastKnownFileType = sourcecode.swift; path = RoachComponent.swift; sourceTree = "<group>"; };
		AB000008 /* RoachEntity.swift */ = {isa = PBXFileReference; lastKnownFileType = sourcecode.swift; path = RoachEntity.swift; sourceTree = "<group>"; };
		AB000009 /* RoachAISystem.swift */ = {isa = PBXFileReference; lastKnownFileType = sourcecode.swift; path = RoachAISystem.swift; sourceTree = "<group>"; };
		AB000011 /* MotionController.swift */ = {isa = PBXFileReference; lastKnownFileType = sourcecode.swift; path = MotionController.swift; sourceTree = "<group>"; };
		AB000012 /* HapticManager.swift */ = {isa = PBXFileReference; lastKnownFileType = sourcecode.swift; path = HapticManager.swift; sourceTree = "<group>"; };
		AB000013 /* HUDView.swift */ = {isa = PBXFileReference; lastKnownFileType = sourcecode.swift; path = HUDView.swift; sourceTree = "<group>"; };
		AB000014 /* MainMenuView.swift */ = {isa = PBXFileReference; lastKnownFileType = sourcecode.swift; path = MainMenuView.swift; sourceTree = "<group>"; };
		AB000015 /* GameOverView.swift */ = {isa = PBXFileReference; lastKnownFileType = sourcecode.swift; path = GameOverView.swift; sourceTree = "<group>"; };
		AB000016 /* Info.plist */ = {isa = PBXFileReference; lastKnownFileType = text.plist.xml; path = Info.plist; sourceTree = "<group>"; };
		AC000001 /* Skitter.app */ = {isa = PBXFileReference; explicitFileType = wrapper.application; includeInIndex = 0; path = Skitter.app; sourceTree = BUILT_PRODUCTS_DIR; };
/* End PBXFileReference section */

/* Begin PBXFrameworksBuildPhase section */
		AD000001 /* Frameworks */ = {
			isa = PBXFrameworksBuildPhase;
			buildActionMask = 2147483647;
			files = (
			);
			runOnlyForDeploymentPostprocessing = 0;
		};
/* End PBXFrameworksBuildPhase section */

/* Begin PBXGroup section */
		27A702F92F6D57B6002F6B06 /* Models */ = {
			isa = PBXGroup;
			children = (
				27A702EE2F6D57B6002F6B06 /* black_plastic.usdz */,
				27A702EF2F6D57B6002F6B06 /* byegone.usdz */,
				27A702F02F6D57B6002F6B06 /* fence.usdz */,
				27A702F12F6D57B6002F6B06 /* food_pile.usdz */,
				27A702F22F6D57B6002F6B06 /* oil_drum.usdz */,
				27A702F32F6D57B6002F6B06 /* oil_puddle.usdz */,
				27A702F62F6D57B6002F6B06 /* roach_3.usdz */,
				27A703152F6D60AF002F6B06 /* roach_1.usdz */,
				27A703162F6D60AF002F6B06 /* roach_1_animated.usdz */,
				27A703172F6D60AF002F6B06 /* roach_2.usdz */,
				27A703182F6D60AF002F6B06 /* roach_2_animated.usdz */,
				27A702F72F6D57B6002F6B06 /* trash_barrel.usdz */,
				27A702F82F6D57B6002F6B06 /* trash_pile.usdz */,
			);
			path = Models;
			sourceTree = "<group>";
		};
		27A703002F6D57B6002F6B06 /* Sounds */ = {
			isa = PBXGroup;
			children = (
				27A702FA2F6D57B6002F6B06 /* background_music.wav */,
				27A702FB2F6D57B6002F6B06 /* correct.wav */,
				27A702FC2F6D57B6002F6B06 /* gameover_lose.wav */,
				27A702FD2F6D57B6002F6B06 /* gameover_win.wav */,
				27A702FE2F6D57B6002F6B06 /* skittering_sound.wav */,
				27A702FF2F6D57B6002F6B06 /* wrong.wav */,
			);
			path = Sounds;
			sourceTree = "<group>";
		};
		27A703022F6D57B6002F6B06 /* Assets */ = {
			isa = PBXGroup;
			children = (
				27A702F92F6D57B6002F6B06 /* Models */,
				27A703002F6D57B6002F6B06 /* Sounds */,
				27A703012F6D57B6002F6B06 /* floor.jpg */,
			);
			path = Assets;
			sourceTree = "<group>";
		};
		AE000001 = {
			isa = PBXGroup;
			children = (
				AE000002 /* Skitter */,
				AE000008 /* Products */,
			);
			sourceTree = "<group>";
		};
		AE000002 /* Skitter */ = {
			isa = PBXGroup;
			children = (
				27A703022F6D57B6002F6B06 /* Assets */,
				AE000003 /* App */,
				AE000004 /* Game */,
				AE000005 /* Systems */,
				AE000006 /* Controllers */,
				AE000007 /* HUD */,
				AE000009 /* UI */,
				AB000016 /* Info.plist */,
			);
			path = Skitter;
			sourceTree = "<group>";
		};
		AE000003 /* App */ = {
			isa = PBXGroup;
			children = (
				AB000001 /* SkitterApp.swift */,
				AB000002 /* AppState.swift */,
			);
			path = App;
			sourceTree = "<group>";
		};
		AE000004 /* Game */ = {
			isa = PBXGroup;
			children = (
				AB000003 /* GameState.swift */,
				AB000004 /* GameView.swift */,
				AB000005 /* ArenaBuilder.swift */,
				27D269FD2F6BF2F100723120 /* PlayerEntity.swift */,
				27D26A012F6BFA8000723120 /* MysteryBagEntity.swift */,
				AB000007 /* RoachComponent.swift */,
				AB000008 /* RoachEntity.swift */,
			);
			path = Game;
			sourceTree = "<group>";
		};
		AE000005 /* Systems */ = {
			isa = PBXGroup;
			children = (
				AB000009 /* RoachAISystem.swift */,
				27D26A032F6BFAD500723120 /* BagTriggerSystem.swift */,
				27D26A052F6C027400723120 /* EscalationSystem.swift */,
				27D269FF2F6BF62700723120 /* ContactSystem.swift */,
			);
			path = Systems;
			sourceTree = "<group>";
		};
		AE000006 /* Controllers */ = {
			isa = PBXGroup;
			children = (
				AB000011 /* MotionController.swift */,
				2748FA462F6E36C7002A2B97 /* AudioManager.swift */,
				AB000012 /* HapticManager.swift */,
			);
			path = Controllers;
			sourceTree = "<group>";
		};
		AE000007 /* HUD */ = {
			isa = PBXGroup;
			children = (
				AB000013 /* HUDView.swift */,
				273F5D4B2F6CDD8B004F5D81 /* DualThumbControlView.swift */,
				27D26A072F6C05C800723120 /* BagsRemainingView.swift */,
				27D26A092F6C05DC00723120 /* TriggerLabelView.swift */,
				27D26A0B2F6C05F700723120 /* MiniMapView.swift */,
			);
			path = HUD;
			sourceTree = "<group>";
		};
		AE000008 /* Products */ = {
			isa = PBXGroup;
			children = (
				AC000001 /* Skitter.app */,
			);
			name = Products;
			sourceTree = "<group>";
		};
		AE000009 /* UI */ = {
			isa = PBXGroup;
			children = (
				AB000014 /* MainMenuView.swift */,
				AB000015 /* GameOverView.swift */,
			);
			path = UI;
			sourceTree = "<group>";
		};
/* End PBXGroup section */

/* Begin PBXNativeTarget section */
		AF000001 /* Skitter */ = {
			isa = PBXNativeTarget;
			buildConfigurationList = B1000001 /* Build configuration list for PBXNativeTarget "Skitter" */;
			buildPhases = (
				AF000002 /* Sources */,
				AD000001 /* Frameworks */,
				AF000003 /* Resources */,
			);
			buildRules = (
			);
			dependencies = (
			);
			name = Skitter;
			productName = Skitter;
			productReference = AC000001 /* Skitter.app */;
			productType = "com.apple.product-type.application";
		};
/* End PBXNativeTarget section */

/* Begin PBXProject section */
		B0000001 /* Project object */ = {
			isa = PBXProject;
			attributes = {
				BuildIndependentTargetsInParallel = 1;
				LastSwiftUpdateCheck = 1600;
				LastUpgradeCheck = 1600;
				TargetAttributes = {
					AF000001 = {
						CreatedOnToolsVersion = 16.0;
					};
				};
			};
			buildConfigurationList = B1000002 /* Build configuration list for PBXProject "Skitter" */;
			compatibilityVersion = "Xcode 14.0";
			developmentRegion = en;
			hasScannedForEncodings = 0;
			knownRegions = (
				en,
				Base,
			);
			mainGroup = AE000001;
			productRefGroup = AE000008 /* Products */;
			projectDirPath = "";
			projectRoot = "";
			targets = (
				AF000001 /* Skitter */,
			);
		};
/* End PBXProject section */

/* Begin PBXResourcesBuildPhase section */
		AF000003 /* Resources */ = {
			isa = PBXResourcesBuildPhase;
			buildActionMask = 2147483647;
			files = (
				27A703032F6D57B6002F6B06 /* roach_3.usdz in Resources */,
				27A703042F6D57B6002F6B06 /* fence.usdz in Resources */,
				27A703052F6D57B6002F6B06 /* floor.jpg in Resources */,
				27A703062F6D57B6002F6B06 /* background_music.wav in Resources */,
				27A703072F6D57B6002F6B06 /* oil_puddle.usdz in Resources */,
				27A703082F6D57B6002F6B06 /* oil_drum.usdz in Resources */,
				27A703092F6D57B6002F6B06 /* trash_pile.usdz in Resources */,
				27A7030B2F6D57B6002F6B06 /* correct.wav in Resources */,
				27A703192F6D60AF002F6B06 /* roach_1_animated.usdz in Resources */,
				27A7031A2F6D60AF002F6B06 /* roach_2_animated.usdz in Resources */,
				27A7031B2F6D60AF002F6B06 /* roach_2.usdz in Resources */,
				27A7031C2F6D60AF002F6B06 /* roach_1.usdz in Resources */,
				27A7030C2F6D57B6002F6B06 /* gameover_lose.wav in Resources */,
				27A7030D2F6D57B6002F6B06 /* gameover_win.wav in Resources */,
				27A7030E2F6D57B6002F6B06 /* black_plastic.usdz in Resources */,
				27A7030F2F6D57B6002F6B06 /* skittering_sound.wav in Resources */,
				27A703102F6D57B6002F6B06 /* food_pile.usdz in Resources */,
				27A703112F6D57B6002F6B06 /* wrong.wav in Resources */,
				27A703132F6D57B6002F6B06 /* byegone.usdz in Resources */,
				27A703142F6D57B6002F6B06 /* trash_barrel.usdz in Resources */,
			);
			runOnlyForDeploymentPostprocessing = 0;
		};
/* End PBXResourcesBuildPhase section */

/* Begin PBXSourcesBuildPhase section */
		AF000002 /* Sources */ = {
			isa = PBXSourcesBuildPhase;
			buildActionMask = 2147483647;
			files = (
				27D26A0A2F6C05E500723120 /* TriggerLabelView.swift in Sources */,
				AA000001 /* SkitterApp.swift in Sources */,
				AA000002 /* AppState.swift in Sources */,
				2748FA472F6E36CB002A2B97 /* AudioManager.swift in Sources */,
				AA000003 /* GameState.swift in Sources */,
				AA000004 /* GameView.swift in Sources */,
				27D26A082F6C05C900723120 /* BagsRemainingView.swift in Sources */,
				AA000005 /* ArenaBuilder.swift in Sources */,
				27D26A042F6BFAD600723120 /* BagTriggerSystem.swift in Sources */,
				AA000007 /* RoachComponent.swift in Sources */,
				27D269FE2F6BF2F600723120 /* PlayerEntity.swift in Sources */,
				AA000008 /* RoachEntity.swift in Sources */,
				AA000009 /* RoachAISystem.swift in Sources */,
				27D26A022F6BFA8500723120 /* MysteryBagEntity.swift in Sources */,
				27D26A002F6BF62C00723120 /* ContactSystem.swift in Sources */,
				AA000011 /* MotionController.swift in Sources */,
				AA000012 /* HapticManager.swift in Sources */,
				AA000013 /* HUDView.swift in Sources */,
				27D26A0C2F6C060200723120 /* MiniMapView.swift in Sources */,
				AA000014 /* MainMenuView.swift in Sources */,
				27D26A062F6C027600723120 /* EscalationSystem.swift in Sources */,
				AA000015 /* GameOverView.swift in Sources */,
				273F5D4C2F6CDD8C004F5D81 /* DualThumbControlView.swift in Sources */,
			);
			runOnlyForDeploymentPostprocessing = 0;
		};
/* End PBXSourcesBuildPhase section */

/* Begin XCBuildConfiguration section */
		B2000001 /* Debug */ = {
			isa = XCBuildConfiguration;
			buildSettings = {
				ALWAYS_SEARCH_USER_PATHS = NO;
				ASSETCATALOG_COMPILER_GENERATE_SWIFT_ASSET_SYMBOL_EXTENSIONS = YES;
				CLANG_ANALYZER_NONNULL = YES;
				CLANG_ANALYZER_NUMBER_OBJECT_CONVERSION = YES_AGGRESSIVE;
				CLANG_CXX_LANGUAGE_STANDARD = "gnu++20";
				CLANG_ENABLE_MODULES = YES;
				CLANG_ENABLE_OBJC_ARC = YES;
				CLANG_ENABLE_OBJC_WEAK = YES;
				CLANG_WARN_BLOCK_CAPTURE_AUTORELEASING = YES;
				CLANG_WARN_BOOL_CONVERSION = YES;
				CLANG_WARN_COMMA = YES;
				CLANG_WARN_CONSTANT_CONVERSION = YES;
				CLANG_WARN_DEPRECATED_OBJC_IMPLEMENTATIONS = YES;
				CLANG_WARN_DIRECT_OBJC_ISA_USAGE = YES_ERROR;
				CLANG_WARN_DOCUMENTATION_COMMENTS = YES;
				CLANG_WARN_EMPTY_BODY = YES;
				CLANG_WARN_ENUM_CONVERSION = YES;
				CLANG_WARN_INFINITE_RECURSION = YES;
				CLANG_WARN_INT_CONVERSION = YES;
				CLANG_WARN_NON_LITERAL_NULL_CONVERSION = YES;
				CLANG_WARN_OBJC_IMPLICIT_RETAIN_SELF = YES;
				CLANG_WARN_OBJC_LITERAL_CONVERSION = YES;
				CLANG_WARN_OBJC_ROOT_CLASS = YES_ERROR;
				CLANG_WARN_QUOTED_INCLUDE_IN_FRAMEWORK_HEADER = YES;
				CLANG_WARN_RANGE_LOOP_ANALYSIS = YES;
				CLANG_WARN_STRICT_PROTOTYPES = YES;
				CLANG_WARN_SUSPICIOUS_MOVE = YES;
				CLANG_WARN_UNGUARDED_AVAILABILITY = YES_AGGRESSIVE;
				CLANG_WARN_UNREACHABLE_CODE = YES;
				CLANG_WARN__DUPLICATE_METHOD_MATCH = YES;
				COPY_PHASE_STRIP = NO;
				DEBUG_INFORMATION_FORMAT = dwarf;
				ENABLE_STRICT_OBJC_MSGSEND = YES;
				ENABLE_TESTABILITY = YES;
				ENABLE_USER_SCRIPT_SANDBOXING = YES;
				GCC_C_LANGUAGE_STANDARD = gnu17;
				GCC_DYNAMIC_NO_PIC = NO;
				GCC_NO_COMMON_BLOCKS = YES;
				GCC_OPTIMIZATION_LEVEL = 0;
				GCC_PREPROCESSOR_DEFINITIONS = (
					"DEBUG=1",
					"$(inherited)",
				);
				GCC_WARN_64_TO_32_BIT_CONVERSION = YES;
				GCC_WARN_ABOUT_RETURN_TYPE = YES_ERROR;
				GCC_WARN_UNDECLARED_SELECTOR = YES;
				GCC_WARN_UNINITIALIZED_AUTOS = YES_AGGRESSIVE;
				GCC_WARN_UNUSED_FUNCTION = YES;
				GCC_WARN_UNUSED_VARIABLE = YES;
				IPHONEOS_DEPLOYMENT_TARGET = 18.0;
				MTL_ENABLE_DEBUG_INFO = INCLUDE_SOURCE;
				MTL_FAST_MATH = YES;
				ONLY_ACTIVE_ARCH = YES;
				SDKROOT = iphoneos;
				SWIFT_ACTIVE_COMPILATION_CONDITIONS = "DEBUG $(inherited)";
				SWIFT_OPTIMIZATION_LEVEL = "-Onone";
			};
			name = Debug;
		};
		B2000002 /* Release */ = {
			isa = XCBuildConfiguration;
			buildSettings = {
				ALWAYS_SEARCH_USER_PATHS = NO;
				ASSETCATALOG_COMPILER_GENERATE_SWIFT_ASSET_SYMBOL_EXTENSIONS = YES;
				CLANG_ANALYZER_NONNULL = YES;
				CLANG_ANALYZER_NUMBER_OBJECT_CONVERSION = YES_AGGRESSIVE;
				CLANG_CXX_LANGUAGE_STANDARD = "gnu++20";
				CLANG_ENABLE_MODULES = YES;
				CLANG_ENABLE_OBJC_ARC = YES;
				CLANG_ENABLE_OBJC_WEAK = YES;
				CLANG_WARN_BLOCK_CAPTURE_AUTORELEASING = YES;
				CLANG_WARN_BOOL_CONVERSION = YES;
				CLANG_WARN_COMMA = YES;
				CLANG_WARN_CONSTANT_CONVERSION = YES;
				CLANG_WARN_DEPRECATED_OBJC_IMPLEMENTATIONS = YES;
				CLANG_WARN_DIRECT_OBJC_ISA_USAGE = YES_ERROR;
				CLANG_WARN_DOCUMENTATION_COMMENTS = YES;
				CLANG_WARN_EMPTY_BODY = YES;
				CLANG_WARN_ENUM_CONVERSION = YES;
				CLANG_WARN_INFINITE_RECURSION = YES;
				CLANG_WARN_INT_CONVERSION = YES;
				CLANG_WARN_NON_LITERAL_NULL_CONVERSION = YES;
				CLANG_WARN_OBJC_IMPLICIT_RETAIN_SELF = YES;
				CLANG_WARN_OBJC_LITERAL_CONVERSION = YES;
				CLANG_WARN_OBJC_ROOT_CLASS = YES_ERROR;
				CLANG_WARN_QUOTED_INCLUDE_IN_FRAMEWORK_HEADER = YES;
				CLANG_WARN_RANGE_LOOP_ANALYSIS = YES;
				CLANG_WARN_STRICT_PROTOTYPES = YES;
				CLANG_WARN_SUSPICIOUS_MOVE = YES;
				CLANG_WARN_UNGUARDED_AVAILABILITY = YES_AGGRESSIVE;
				CLANG_WARN_UNREACHABLE_CODE = YES;
				CLANG_WARN__DUPLICATE_METHOD_MATCH = YES;
				COPY_PHASE_STRIP = NO;
				DEBUG_INFORMATION_FORMAT = "dwarf-with-dsym";
				ENABLE_NS_ASSERTIONS = NO;
				ENABLE_STRICT_OBJC_MSGSEND = YES;
				ENABLE_USER_SCRIPT_SANDBOXING = YES;
				GCC_C_LANGUAGE_STANDARD = gnu17;
				GCC_NO_COMMON_BLOCKS = YES;
				GCC_WARN_64_TO_32_BIT_CONVERSION = YES;
				GCC_WARN_ABOUT_RETURN_TYPE = YES_ERROR;
				GCC_WARN_UNDECLARED_SELECTOR = YES;
				GCC_WARN_UNINITIALIZED_AUTOS = YES_AGGRESSIVE;
				GCC_WARN_UNUSED_FUNCTION = YES;
				GCC_WARN_UNUSED_VARIABLE = YES;
				IPHONEOS_DEPLOYMENT_TARGET = 18.0;
				MTL_ENABLE_DEBUG_INFO = NO;
				MTL_FAST_MATH = YES;
				SDKROOT = iphoneos;
				SWIFT_COMPILATION_MODE = wholemodule;
				VALIDATE_PRODUCT = YES;
			};
			name = Release;
		};
		B2000003 /* Debug */ = {
			isa = XCBuildConfiguration;
			buildSettings = {
				ASSETCATALOG_COMPILER_APPICON_NAME = AppIcon;
				ASSETCATALOG_COMPILER_GLOBAL_ACCENT_COLOR_NAME = AccentColor;
				CODE_SIGN_STYLE = Automatic;
				CURRENT_PROJECT_VERSION = 1;
				DEVELOPMENT_TEAM = ZU2326AL7G;
				GENERATE_INFOPLIST_FILE = YES;
				INFOPLIST_FILE = Skitter/Info.plist;
				INFOPLIST_KEY_CFBundleDisplayName = Skitter;
				INFOPLIST_KEY_UIApplicationSceneManifest_Generation = YES;
				INFOPLIST_KEY_UIApplicationSupportsIndirectInputEvents = YES;
				INFOPLIST_KEY_UILaunchScreen_Generation = YES;
				INFOPLIST_KEY_UIRequiresFullScreen = YES;
				INFOPLIST_KEY_UIStatusBarHidden = YES;
				INFOPLIST_KEY_UISupportedInterfaceOrientations = "UIInterfaceOrientationLandscapeLeft UIInterfaceOrientationLandscapeRight";
				LD_RUNPATH_SEARCH_PATHS = (
					"$(inherited)",
					"@executable_path/Frameworks",
				);
				MARKETING_VERSION = 1.0;
				PRODUCT_BUNDLE_IDENTIFIER = com.skitter.game;
				PRODUCT_NAME = "$(TARGET_NAME)";
				SUPPORTED_PLATFORMS = "iphoneos iphonesimulator";
				SUPPORTS_MACCATALYST = NO;
				SWIFT_EMIT_LOC_STRINGS = YES;
				SWIFT_VERSION = 5.0;
				TARGETED_DEVICE_FAMILY = 1;
			};
			name = Debug;
		};
		B2000004 /* Release */ = {
			isa = XCBuildConfiguration;
			buildSettings = {
				ASSETCATALOG_COMPILER_APPICON_NAME = AppIcon;
				ASSETCATALOG_COMPILER_GLOBAL_ACCENT_COLOR_NAME = AccentColor;
				CODE_SIGN_STYLE = Automatic;
				CURRENT_PROJECT_VERSION = 1;
				DEVELOPMENT_TEAM = ZU2326AL7G;
				GENERATE_INFOPLIST_FILE = YES;
				INFOPLIST_FILE = Skitter/Info.plist;
				INFOPLIST_KEY_CFBundleDisplayName = Skitter;
				INFOPLIST_KEY_UIApplicationSceneManifest_Generation = YES;
				INFOPLIST_KEY_UIApplicationSupportsIndirectInputEvents = YES;
				INFOPLIST_KEY_UILaunchScreen_Generation = YES;
				INFOPLIST_KEY_UIRequiresFullScreen = YES;
				INFOPLIST_KEY_UIStatusBarHidden = YES;
				INFOPLIST_KEY_UISupportedInterfaceOrientations = "UIInterfaceOrientationLandscapeLeft UIInterfaceOrientationLandscapeRight";
				LD_RUNPATH_SEARCH_PATHS = (
					"$(inherited)",
					"@executable_path/Frameworks",
				);
				MARKETING_VERSION = 1.0;
				PRODUCT_BUNDLE_IDENTIFIER = com.skitter.game;
				PRODUCT_NAME = "$(TARGET_NAME)";
				SUPPORTED_PLATFORMS = "iphoneos iphonesimulator";
				SUPPORTS_MACCATALYST = NO;
				SWIFT_EMIT_LOC_STRINGS = YES;
				SWIFT_VERSION = 5.0;
				TARGETED_DEVICE_FAMILY = 1;
			};
			name = Release;
		};
/* End XCBuildConfiguration section */

/* Begin XCConfigurationList section */
		B1000001 /* Build configuration list for PBXNativeTarget "Skitter" */ = {
			isa = XCConfigurationList;
			buildConfigurations = (
				B2000003 /* Debug */,
				B2000004 /* Release */,
			);
			defaultConfigurationIsVisible = 0;
			defaultConfigurationName = Release;
		};
		B1000002 /* Build configuration list for PBXProject "Skitter" */ = {
			isa = XCConfigurationList;
			buildConfigurations = (
				B2000001 /* Debug */,
				B2000002 /* Release */,
			);
			defaultConfigurationIsVisible = 0;
			defaultConfigurationName = Release;
		};
/* End XCConfigurationList section */
	};
	rootObject = B0000001 /* Project object */;
}
